// !$*UTF8*$!
{
	archiveVersion = 1;
	classes = {
	};
	objectVersion = 56;
	objects = {

/* Begin PBXBuildFile section */
		475B3010F1E595B8782CF3BF /* Pods_Meditation.framework in Frameworks */ = {isa = PBXBuildFile; fileRef = 633F1379A2C5AC301376E2F5 /* Pods_Meditation.framework */; };
		6B9A53F52CC95DFF005FCFF2 /* AppDelegate.swift in Sources */ = {isa = PBXBuildFile; fileRef = 6B9A53F42CC95DFF005FCFF2 /* AppDelegate.swift */; };
		6B9A53F72CC95DFF005FCFF2 /* SceneDelegate.swift in Sources */ = {isa = PBXBuildFile; fileRef = 6B9A53F62CC95DFF005FCFF2 /* SceneDelegate.swift */; };
		6B9A53F92CC95DFF005FCFF2 /* MenuViewController.swift in Sources */ = {isa = PBXBuildFile; fileRef = 6B9A53F82CC95DFF005FCFF2 /* MenuViewController.swift */; };
		6B9A53FC2CC95DFF005FCFF2 /* Base in Resources */ = {isa = PBXBuildFile; fileRef = 6B9A53FB2CC95DFF005FCFF2 /* Base */; };
		6B9A53FF2CC95DFF005FCFF2 /* Meditation.xcdatamodeld in Sources */ = {isa = PBXBuildFile; fileRef = 6B9A53FD2CC95DFF005FCFF2 /* Meditation.xcdatamodeld */; };
		6B9A54012CC95E01005FCFF2 /* Assets.xcassets in Resources */ = {isa = PBXBuildFile; fileRef = 6B9A54002CC95E01005FCFF2 /* Assets.xcassets */; };
		6B9A54042CC95E01005FCFF2 /* Base in Resources */ = {isa = PBXBuildFile; fileRef = 6B9A54032CC95E01005FCFF2 /* Base */; };
		6B9A54102CC95EEC005FCFF2 /* Font.swift in Sources */ = {isa = PBXBuildFile; fileRef = 6B9A540F2CC95EEC005FCFF2 /* Font.swift */; };
		6B9A54162CC97A99005FCFF2 /* UIView.swift in Sources */ = {isa = PBXBuildFile; fileRef = 6B9A54152CC97A99005FCFF2 /* UIView.swift */; };
		6B9A54182CC97AD3005FCFF2 /* GradientButton.swift in Sources */ = {isa = PBXBuildFile; fileRef = 6B9A54172CC97AD3005FCFF2 /* GradientButton.swift */; };
		6B9A541E2CC9811D005FCFF2 /* Inter-Regular.ttf in Resources */ = {isa = PBXBuildFile; fileRef = 6B9A541C2CC9811C005FCFF2 /* Inter-Regular.ttf */; };
		6B9A541F2CC9811D005FCFF2 /* Inter-LightItalic.ttf in Resources */ = {isa = PBXBuildFile; fileRef = 6B9A541D2CC9811D005FCFF2 /* Inter-LightItalic.ttf */; };
		6B9A54252CC983EB005FCFF2 /* futuresporecyrillic.otf in Resources */ = {isa = PBXBuildFile; fileRef = 6B9A54242CC983EB005FCFF2 /* futuresporecyrillic.otf */; };
		6B9A542A2CC98601005FCFF2 /* SoundsViewController.xib in Resources */ = {isa = PBXBuildFile; fileRef = 6B9A54292CC98601005FCFF2 /* SoundsViewController.xib */; };
		6B9A542B2CC98601005FCFF2 /* SoundsViewController.swift in Sources */ = {isa = PBXBuildFile; fileRef = 6B9A54282CC98601005FCFF2 /* SoundsViewController.swift */; };
		6B9A54342CC98AFB005FCFF2 /* SoundTableViewCell.xib in Resources */ = {isa = PBXBuildFile; fileRef = 6B9A54332CC98AFB005FCFF2 /* SoundTableViewCell.xib */; };
		6B9A54352CC98AFB005FCFF2 /* SoundTableViewCell.swift in Sources */ = {isa = PBXBuildFile; fileRef = 6B9A54322CC98AFB005FCFF2 /* SoundTableViewCell.swift */; };
		6B9A543D2CC98F18005FCFF2 /* Fireflies.mp3 in Resources */ = {isa = PBXBuildFile; fileRef = 6B9A543C2CC98F18005FCFF2 /* Fireflies.mp3 */; };
		6B9A543F2CC98FE1005FCFF2 /* ViewController.swift in Sources */ = {isa = PBXBuildFile; fileRef = 6B9A543E2CC98FE1005FCFF2 /* ViewController.swift */; };
		6B9A54422CC9B3A6005FCFF2 /* SoundsViewModel.swift in Sources */ = {isa = PBXBuildFile; fileRef = 6B9A54412CC9B3A6005FCFF2 /* SoundsViewModel.swift */; };
		6B9A54442CC9B416005FCFF2 /* gentle-awareness.mp3 in Resources */ = {isa = PBXBuildFile; fileRef = 6B9A54432CC9B416005FCFF2 /* gentle-awareness.mp3 */; };
		6B9A54462CC9B614005FCFF2 /* shrine.mp3 in Resources */ = {isa = PBXBuildFile; fileRef = 6B9A54452CC9B614005FCFF2 /* shrine.mp3 */; };
		6B9A544E2CC9B63E005FCFF2 /* equilibrium.mp3 in Resources */ = {isa = PBXBuildFile; fileRef = 6B9A54472CC9B63C005FCFF2 /* equilibrium.mp3 */; };
		6B9A544F2CC9B63E005FCFF2 /* deep-immersion.mp3 in Resources */ = {isa = PBXBuildFile; fileRef = 6B9A54482CC9B63C005FCFF2 /* deep-immersion.mp3 */; };
		6B9A54502CC9B63E005FCFF2 /* boundless.mp3 in Resources */ = {isa = PBXBuildFile; fileRef = 6B9A54492CC9B63D005FCFF2 /* boundless.mp3 */; };
		6B9A54512CC9B63E005FCFF2 /* blurry-dreams.mp3 in Resources */ = {isa = PBXBuildFile; fileRef = 6B9A544A2CC9B63D005FCFF2 /* blurry-dreams.mp3 */; };
		6B9A54522CC9B63E005FCFF2 /* luminance.mp3 in Resources */ = {isa = PBXBuildFile; fileRef = 6B9A544B2CC9B63E005FCFF2 /* luminance.mp3 */; };
		6B9A54532CC9B63E005FCFF2 /* ambient-jam.mp3 in Resources */ = {isa = PBXBuildFile; fileRef = 6B9A544C2CC9B63E005FCFF2 /* ambient-jam.mp3 */; };
		6B9A54542CC9B63E005FCFF2 /* in-stillness.mp3 in Resources */ = {isa = PBXBuildFile; fileRef = 6B9A544D2CC9B63E005FCFF2 /* in-stillness.mp3 */; };
		6B9A54562CCB0704005FCFF2 /* RootViewController.swift in Sources */ = {isa = PBXBuildFile; fileRef = 6B9A54552CCB0704005FCFF2 /* RootViewController.swift */; };
		6B9A545B2CCB226C005FCFF2 /* PracticeViewController.swift in Sources */ = {isa = PBXBuildFile; fileRef = 6B9A54592CCB226C005FCFF2 /* PracticeViewController.swift */; };
		6B9A545C2CCB226C005FCFF2 /* PracticeViewController.xib in Resources */ = {isa = PBXBuildFile; fileRef = 6B9A545A2CCB226C005FCFF2 /* PracticeViewController.xib */; };
		6B9A54612CCB2BDC005FCFF2 /* FeelingsViewController.swift in Sources */ = {isa = PBXBuildFile; fileRef = 6B9A545F2CCB2BDC005FCFF2 /* FeelingsViewController.swift */; };
		6B9A54622CCB2BDC005FCFF2 /* FeelingsViewController.xib in Resources */ = {isa = PBXBuildFile; fileRef = 6B9A54602CCB2BDC005FCFF2 /* FeelingsViewController.xib */; };
		6B9A54642CCB2CA2005FCFF2 /* BaseTextView.swift in Sources */ = {isa = PBXBuildFile; fileRef = 6B9A54632CCB2CA2005FCFF2 /* BaseTextView.swift */; };
		6BA6E7F72CCB34F200980CDD /* PracticeModel.swift in Sources */ = {isa = PBXBuildFile; fileRef = 6BA6E7F62CCB34F200980CDD /* PracticeModel.swift */; };
		6BA6E7FA2CCB35D300980CDD /* PracticeViewModel.swift in Sources */ = {isa = PBXBuildFile; fileRef = 6BA6E7F92CCB35D300980CDD /* PracticeViewModel.swift */; };
		6BA6E7FD2CCB364C00980CDD /* CoreDataManager.swift in Sources */ = {isa = PBXBuildFile; fileRef = 6BA6E7FC2CCB364C00980CDD /* CoreDataManager.swift */; };
		6BA6E8022CCB3B8B00980CDD /* StatisticsViewController.swift in Sources */ = {isa = PBXBuildFile; fileRef = 6BA6E8002CCB3B8B00980CDD /* StatisticsViewController.swift */; };
		6BA6E8032CCB3B8B00980CDD /* StatisticsViewController.xib in Resources */ = {isa = PBXBuildFile; fileRef = 6BA6E8012CCB3B8B00980CDD /* StatisticsViewController.xib */; };
		6BA6E8072CCB3BC900980CDD /* PracticeTableViewCell.swift in Sources */ = {isa = PBXBuildFile; fileRef = 6BA6E8052CCB3BC900980CDD /* PracticeTableViewCell.swift */; };
		6BA6E8082CCB3BC900980CDD /* PracticeTableViewCell.xib in Resources */ = {isa = PBXBuildFile; fileRef = 6BA6E8062CCB3BC900980CDD /* PracticeTableViewCell.xib */; };
		6BA6E80A2CCB3E1500980CDD /* Date.swift in Sources */ = {isa = PBXBuildFile; fileRef = 6BA6E8092CCB3E1500980CDD /* Date.swift */; };
		6BA6E80F2CCB41E700980CDD /* StatisticsViewModel.swift in Sources */ = {isa = PBXBuildFile; fileRef = 6BA6E80E2CCB41E700980CDD /* StatisticsViewModel.swift */; };
		6BA6E8112CCB444300980CDD /* String.swift in Sources */ = {isa = PBXBuildFile; fileRef = 6BA6E8102CCB444300980CDD /* String.swift */; };
		6BA6E8132CCB54AE00980CDD /* Monda-Regular.ttf in Resources */ = {isa = PBXBuildFile; fileRef = 6BA6E8122CCB54AD00980CDD /* Monda-Regular.ttf */; };
		6BC2CA192CDB8C4D00D8EC6B /* codemagic.yaml in Resources */ = {isa = PBXBuildFile; fileRef = 6BC2CA182CDB8C4D00D8EC6B /* codemagic.yaml */; };
		6BC2CA1C2CDB947B00D8EC6B /* WebViewController.swift in Sources */ = {isa = PBXBuildFile; fileRef = 6BC2CA1B2CDB947B00D8EC6B /* WebViewController.swift */; };
		6BC2CA1E2CDBB7E100D8EC6B /* GoogleService-Info.plist in Resources */ = {isa = PBXBuildFile; fileRef = 6BC2CA1D2CDBB7E100D8EC6B /* GoogleService-Info.plist */; };
		6BC2CA202CDC903100D8EC6B /* NetworkMonitor.swift in Sources */ = {isa = PBXBuildFile; fileRef = 6BC2CA1F2CDC903100D8EC6B /* NetworkMonitor.swift */; };
/* End PBXBuildFile section */

/* Begin PBXFileReference section */
		3A35DEDD6C9DB13269B1519F /* Pods-Meditation.debug.xcconfig */ = {isa = PBXFileReference; includeInIndex = 1; lastKnownFileType = text.xcconfig; name = "Pods-Meditation.debug.xcconfig"; path = "Target Support Files/Pods-Meditation/Pods-Meditation.debug.xcconfig"; sourceTree = "<group>"; };
		633F1379A2C5AC301376E2F5 /* Pods_Meditation.framework */ = {isa = PBXFileReference; explicitFileType = wrapper.framework; includeInIndex = 0; path = Pods_Meditation.framework; sourceTree = BUILT_PRODUCTS_DIR; };
		6B9A53F12CC95DFF005FCFF2 /* Meditation.app */ = {isa = PBXFileReference; explicitFileType = wrapper.application; includeInIndex = 0; path = Meditation.app; sourceTree = BUILT_PRODUCTS_DIR; };
		6B9A53F42CC95DFF005FCFF2 /* AppDelegate.swift */ = {isa = PBXFileReference; lastKnownFileType = sourcecode.swift; path = AppDelegate.swift; sourceTree = "<group>"; };
		6B9A53F62CC95DFF005FCFF2 /* SceneDelegate.swift */ = {isa = PBXFileReference; lastKnownFileType = sourcecode.swift; path = SceneDelegate.swift; sourceTree = "<group>"; };
		6B9A53F82CC95DFF005FCFF2 /* MenuViewController.swift */ = {isa = PBXFileReference; lastKnownFileType = sourcecode.swift; path = MenuViewController.swift; sourceTree = "<group>"; };
		6B9A53FB2CC95DFF005FCFF2 /* Base */ = {isa = PBXFileReference; lastKnownFileType = file.storyboard; name = Base; path = Base.lproj/Menu.storyboard; sourceTree = "<group>"; };
		6B9A53FE2CC95DFF005FCFF2 /* Meditation.xcdatamodel */ = {isa = PBXFileReference; lastKnownFileType = wrapper.xcdatamodel; path = Meditation.xcdatamodel; sourceTree = "<group>"; };
		6B9A54002CC95E01005FCFF2 /* Assets.xcassets */ = {isa = PBXFileReference; lastKnownFileType = folder.assetcatalog; path = Assets.xcassets; sourceTree = "<group>"; };
		6B9A54032CC95E01005FCFF2 /* Base */ = {isa = PBXFileReference; lastKnownFileType = file.storyboard; name = Base; path = Base.lproj/LaunchScreen.storyboard; sourceTree = "<group>"; };
		6B9A54052CC95E01005FCFF2 /* Info.plist */ = {isa = PBXFileReference; lastKnownFileType = text.plist.xml; path = Info.plist; sourceTree = "<group>"; };
		6B9A540F2CC95EEC005FCFF2 /* Font.swift */ = {isa = PBXFileReference; lastKnownFileType = sourcecode.swift; path = Font.swift; sourceTree = "<group>"; };
		6B9A54152CC97A99005FCFF2 /* UIView.swift */ = {isa = PBXFileReference; lastKnownFileType = sourcecode.swift; path = UIView.swift; sourceTree = "<group>"; };
		6B9A54172CC97AD3005FCFF2 /* GradientButton.swift */ = {isa = PBXFileReference; lastKnownFileType = sourcecode.swift; path = GradientButton.swift; sourceTree = "<group>"; };
		6B9A541C2CC9811C005FCFF2 /* Inter-Regular.ttf */ = {isa = PBXFileReference; lastKnownFileType = file; path = "Inter-Regular.ttf"; sourceTree = "<group>"; };
		6B9A541D2CC9811D005FCFF2 /* Inter-LightItalic.ttf */ = {isa = PBXFileReference; lastKnownFileType = file; path = "Inter-LightItalic.ttf"; sourceTree = "<group>"; };
		6B9A54242CC983EB005FCFF2 /* futuresporecyrillic.otf */ = {isa = PBXFileReference; lastKnownFileType = file; path = futuresporecyrillic.otf; sourceTree = "<group>"; };
		6B9A54282CC98601005FCFF2 /* SoundsViewController.swift */ = {isa = PBXFileReference; lastKnownFileType = sourcecode.swift; path = SoundsViewController.swift; sourceTree = "<group>"; };
		6B9A54292CC98601005FCFF2 /* SoundsViewController.xib */ = {isa = PBXFileReference; lastKnownFileType = file.xib; path = SoundsViewController.xib; sourceTree = "<group>"; };
		6B9A54322CC98AFB005FCFF2 /* SoundTableViewCell.swift */ = {isa = PBXFileReference; lastKnownFileType = sourcecode.swift; path = SoundTableViewCell.swift; sourceTree = "<group>"; };
		6B9A54332CC98AFB005FCFF2 /* SoundTableViewCell.xib */ = {isa = PBXFileReference; lastKnownFileType = file.xib; path = SoundTableViewCell.xib; sourceTree = "<group>"; };
		6B9A543C2CC98F18005FCFF2 /* Fireflies.mp3 */ = {isa = PBXFileReference; lastKnownFileType = audio.mp3; path = Fireflies.mp3; sourceTree = "<group>"; };
		6B9A543E2CC98FE1005FCFF2 /* ViewController.swift */ = {isa = PBXFileReference; lastKnownFileType = sourcecode.swift; path = ViewController.swift; sourceTree = "<group>"; };
		6B9A54412CC9B3A6005FCFF2 /* SoundsViewModel.swift */ = {isa = PBXFileReference; lastKnownFileType = sourcecode.swift; path = SoundsViewModel.swift; sourceTree = "<group>"; };
		6B9A54432CC9B416005FCFF2 /* gentle-awareness.mp3 */ = {isa = PBXFileReference; lastKnownFileType = audio.mp3; path = "gentle-awareness.mp3"; sourceTree = "<group>"; };
		6B9A54452CC9B614005FCFF2 /* shrine.mp3 */ = {isa = PBXFileReference; lastKnownFileType = audio.mp3; path = shrine.mp3; sourceTree = "<group>"; };
		6B9A54472CC9B63C005FCFF2 /* equilibrium.mp3 */ = {isa = PBXFileReference; lastKnownFileType = audio.mp3; path = equilibrium.mp3; sourceTree = "<group>"; };
		6B9A54482CC9B63C005FCFF2 /* deep-immersion.mp3 */ = {isa = PBXFileReference; lastKnownFileType = audio.mp3; path = "deep-immersion.mp3"; sourceTree = "<group>"; };
		6B9A54492CC9B63D005FCFF2 /* boundless.mp3 */ = {isa = PBXFileReference; lastKnownFileType = audio.mp3; path = boundless.mp3; sourceTree = "<group>"; };
		6B9A544A2CC9B63D005FCFF2 /* blurry-dreams.mp3 */ = {isa = PBXFileReference; lastKnownFileType = audio.mp3; path = "blurry-dreams.mp3"; sourceTree = "<group>"; };
		6B9A544B2CC9B63E005FCFF2 /* luminance.mp3 */ = {isa = PBXFileReference; lastKnownFileType = audio.mp3; path = luminance.mp3; sourceTree = "<group>"; };
		6B9A544C2CC9B63E005FCFF2 /* ambient-jam.mp3 */ = {isa = PBXFileReference; lastKnownFileType = audio.mp3; path = "ambient-jam.mp3"; sourceTree = "<group>"; };
		6B9A544D2CC9B63E005FCFF2 /* in-stillness.mp3 */ = {isa = PBXFileReference; lastKnownFileType = audio.mp3; path = "in-stillness.mp3"; sourceTree = "<group>"; };
		6B9A54552CCB0704005FCFF2 /* RootViewController.swift */ = {isa = PBXFileReference; lastKnownFileType = sourcecode.swift; path = RootViewController.swift; sourceTree = "<group>"; };
		6B9A54592CCB226C005FCFF2 /* PracticeViewController.swift */ = {isa = PBXFileReference; lastKnownFileType = sourcecode.swift; path = PracticeViewController.swift; sourceTree = "<group>"; };
		6B9A545A2CCB226C005FCFF2 /* PracticeViewController.xib */ = {isa = PBXFileReference; lastKnownFileType = file.xib; path = PracticeViewController.xib; sourceTree = "<group>"; };
		6B9A545F2CCB2BDC005FCFF2 /* FeelingsViewController.swift */ = {isa = PBXFileReference; lastKnownFileType = sourcecode.swift; path = FeelingsViewController.swift; sourceTree = "<group>"; };
		6B9A54602CCB2BDC005FCFF2 /* FeelingsViewController.xib */ = {isa = PBXFileReference; lastKnownFileType = file.xib; path = FeelingsViewController.xib; sourceTree = "<group>"; };
		6B9A54632CCB2CA2005FCFF2 /* BaseTextView.swift */ = {isa = PBXFileReference; lastKnownFileType = sourcecode.swift; path = BaseTextView.swift; sourceTree = "<group>"; };
		6BA6E7F62CCB34F200980CDD /* PracticeModel.swift */ = {isa = PBXFileReference; lastKnownFileType = sourcecode.swift; path = PracticeModel.swift; sourceTree = "<group>"; };
		6BA6E7F92CCB35D300980CDD /* PracticeViewModel.swift */ = {isa = PBXFileReference; lastKnownFileType = sourcecode.swift; path = PracticeViewModel.swift; sourceTree = "<group>"; };
		6BA6E7FC2CCB364C00980CDD /* CoreDataManager.swift */ = {isa = PBXFileReference; lastKnownFileType = sourcecode.swift; path = CoreDataManager.swift; sourceTree = "<group>"; };
		6BA6E8002CCB3B8B00980CDD /* StatisticsViewController.swift */ = {isa = PBXFileReference; lastKnownFileType = sourcecode.swift; path = StatisticsViewController.swift; sourceTree = "<group>"; };
		6BA6E8012CCB3B8B00980CDD /* StatisticsViewController.xib */ = {isa = PBXFileReference; lastKnownFileType = file.xib; path = StatisticsViewController.xib; sourceTree = "<group>"; };
		6BA6E8052CCB3BC900980CDD /* PracticeTableViewCell.swift */ = {isa = PBXFileReference; lastKnownFileType = sourcecode.swift; path = PracticeTableViewCell.swift; sourceTree = "<group>"; };
		6BA6E8062CCB3BC900980CDD /* PracticeTableViewCell.xib */ = {isa = PBXFileReference; lastKnownFileType = file.xib; path = PracticeTableViewCell.xib; sourceTree = "<group>"; };
		6BA6E8092CCB3E1500980CDD /* Date.swift */ = {isa = PBXFileReference; lastKnownFileType = sourcecode.swift; path = Date.swift; sourceTree = "<group>"; };
		6BA6E80E2CCB41E700980CDD /* StatisticsViewModel.swift */ = {isa = PBXFileReference; lastKnownFileType = sourcecode.swift; path = StatisticsViewModel.swift; sourceTree = "<group>"; };
		6BA6E8102CCB444300980CDD /* String.swift */ = {isa = PBXFileReference; lastKnownFileType = sourcecode.swift; path = String.swift; sourceTree = "<group>"; };
		6BA6E8122CCB54AD00980CDD /* Monda-Regular.ttf */ = {isa = PBXFileReference; lastKnownFileType = file; path = "Monda-Regular.ttf"; sourceTree = "<group>"; };
		6BC2CA182CDB8C4D00D8EC6B /* codemagic.yaml */ = {isa = PBXFileReference; fileEncoding = 4; lastKnownFileType = text.yaml; path = codemagic.yaml; sourceTree = "<group>"; };
		6BC2CA1B2CDB947B00D8EC6B /* WebViewController.swift */ = {isa = PBXFileReference; lastKnownFileType = sourcecode.swift; path = WebViewController.swift; sourceTree = "<group>"; };
		6BC2CA1D2CDBB7E100D8EC6B /* GoogleService-Info.plist */ = {isa = PBXFileReference; fileEncoding = 4; lastKnownFileType = text.plist.xml; path = "GoogleService-Info.plist"; sourceTree = "<group>"; };
		6BC2CA1F2CDC903100D8EC6B /* NetworkMonitor.swift */ = {isa = PBXFileReference; lastKnownFileType = sourcecode.swift; path = NetworkMonitor.swift; sourceTree = "<group>"; };
		FC4F290FD08824284A88DDA4 /* Pods-Meditation.release.xcconfig */ = {isa = PBXFileReference; includeInIndex = 1; lastKnownFileType = text.xcconfig; name = "Pods-Meditation.release.xcconfig"; path = "Target Support Files/Pods-Meditation/Pods-Meditation.release.xcconfig"; sourceTree = "<group>"; };
/* End PBXFileReference section */

/* Begin PBXFrameworksBuildPhase section */
		6B9A53EE2CC95DFF005FCFF2 /* Frameworks */ = {
			isa = PBXFrameworksBuildPhase;
			buildActionMask = 2147483647;
			files = (
				475B3010F1E595B8782CF3BF /* Pods_Meditation.framework in Frameworks */,
			);
			runOnlyForDeploymentPostprocessing = 0;
		};
/* End PBXFrameworksBuildPhase section */

/* Begin PBXGroup section */
		32CF4690294C9A824E84C999 /* Pods */ = {
			isa = PBXGroup;
			children = (
				3A35DEDD6C9DB13269B1519F /* Pods-Meditation.debug.xcconfig */,
				FC4F290FD08824284A88DDA4 /* Pods-Meditation.release.xcconfig */,
			);
			path = Pods;
			sourceTree = "<group>";
		};
		6B9A53E82CC95DFF005FCFF2 = {
			isa = PBXGroup;
			children = (
				6BC2CA182CDB8C4D00D8EC6B /* codemagic.yaml */,
				6B9A53F32CC95DFF005FCFF2 /* Meditation */,
				6B9A53F22CC95DFF005FCFF2 /* Products */,
				32CF4690294C9A824E84C999 /* Pods */,
				C692A4EE5BAF6D21BDF8BC4C /* Frameworks */,
			);
			sourceTree = "<group>";
		};
		6B9A53F22CC95DFF005FCFF2 /* Products */ = {
			isa = PBXGroup;
			children = (
				6B9A53F12CC95DFF005FCFF2 /* Meditation.app */,
			);
			name = Products;
			sourceTree = "<group>";
		};
		6B9A53F32CC95DFF005FCFF2 /* Meditation */ = {
			isa = PBXGroup;
			children = (
				6BC2CA1A2CDB945100D8EC6B /* WebView */,
				6BA6E7FE2CCB3B7700980CDD /* Statistics */,
				6BA6E7FB2CCB364000980CDD /* CoreData */,
				6B9A545D2CCB2BC4005FCFF2 /* Feelings */,
				6B9A54572CCB2253005FCFF2 /* Practice */,
				6B9A54262CC9854A005FCFF2 /* Sound */,
				6B9A54192CC97C2E005FCFF2 /* Menu */,
				6B9A540B2CC95EC4005FCFF2 /* Extensions */,
				6B9A53F42CC95DFF005FCFF2 /* AppDelegate.swift */,
				6B9A53F62CC95DFF005FCFF2 /* SceneDelegate.swift */,
				6B9A54002CC95E01005FCFF2 /* Assets.xcassets */,
				6B9A54022CC95E01005FCFF2 /* LaunchScreen.storyboard */,
				6B9A54052CC95E01005FCFF2 /* Info.plist */,
				6BC2CA1D2CDBB7E100D8EC6B /* GoogleService-Info.plist */,
				6B9A53FD2CC95DFF005FCFF2 /* Meditation.xcdatamodeld */,
			);
			path = Meditation;
			sourceTree = "<group>";
		};
		6B9A540B2CC95EC4005FCFF2 /* Extensions */ = {
			isa = PBXGroup;
			children = (
				6B9A54362CC98D51005FCFF2 /* Sounds */,
				6B9A540C2CC95ECF005FCFF2 /* Font */,
				6B9A54152CC97A99005FCFF2 /* UIView.swift */,
				6B9A543E2CC98FE1005FCFF2 /* ViewController.swift */,
				6BA6E8102CCB444300980CDD /* String.swift */,
				6B9A54172CC97AD3005FCFF2 /* GradientButton.swift */,
				6BA6E8092CCB3E1500980CDD /* Date.swift */,
				6B9A54632CCB2CA2005FCFF2 /* BaseTextView.swift */,
				6BC2CA1F2CDC903100D8EC6B /* NetworkMonitor.swift */,
			);
			path = Extensions;
			sourceTree = "<group>";
		};
		6B9A540C2CC95ECF005FCFF2 /* Font */ = {
			isa = PBXGroup;
			children = (
				6B9A54242CC983EB005FCFF2 /* futuresporecyrillic.otf */,
				6B9A541D2CC9811D005FCFF2 /* Inter-LightItalic.ttf */,
				6B9A541C2CC9811C005FCFF2 /* Inter-Regular.ttf */,
				6BA6E8122CCB54AD00980CDD /* Monda-Regular.ttf */,
				6B9A540F2CC95EEC005FCFF2 /* Font.swift */,
			);
			path = Font;
			sourceTree = "<group>";
		};
		6B9A54192CC97C2E005FCFF2 /* Menu */ = {
			isa = PBXGroup;
			children = (
				6B9A53F82CC95DFF005FCFF2 /* MenuViewController.swift */,
				6B9A53FA2CC95DFF005FCFF2 /* Menu.storyboard */,
				6B9A54552CCB0704005FCFF2 /* RootViewController.swift */,
			);
			path = Menu;
			sourceTree = "<group>";
		};
		6B9A54262CC9854A005FCFF2 /* Sound */ = {
			isa = PBXGroup;
			children = (
				6B9A54402CC9B397005FCFF2 /* ViewModel */,
				6B9A54312CC98ACD005FCFF2 /* Cell */,
				6B9A54272CC98551005FCFF2 /* View */,
			);
			path = Sound;
			sourceTree = "<group>";
		};
		6B9A54272CC98551005FCFF2 /* View */ = {
			isa = PBXGroup;
			children = (
				6B9A54282CC98601005FCFF2 /* SoundsViewController.swift */,
				6B9A54292CC98601005FCFF2 /* SoundsViewController.xib */,
			);
			path = View;
			sourceTree = "<group>";
		};
		6B9A54312CC98ACD005FCFF2 /* Cell */ = {
			isa = PBXGroup;
			children = (
				6B9A54322CC98AFB005FCFF2 /* SoundTableViewCell.swift */,
				6B9A54332CC98AFB005FCFF2 /* SoundTableViewCell.xib */,
			);
			path = Cell;
			sourceTree = "<group>";
		};
		6B9A54362CC98D51005FCFF2 /* Sounds */ = {
			isa = PBXGroup;
			children = (
				6B9A543C2CC98F18005FCFF2 /* Fireflies.mp3 */,
				6B9A54432CC9B416005FCFF2 /* gentle-awareness.mp3 */,
				6B9A54452CC9B614005FCFF2 /* shrine.mp3 */,
				6B9A544C2CC9B63E005FCFF2 /* ambient-jam.mp3 */,
				6B9A544A2CC9B63D005FCFF2 /* blurry-dreams.mp3 */,
				6B9A54492CC9B63D005FCFF2 /* boundless.mp3 */,
				6B9A54482CC9B63C005FCFF2 /* deep-immersion.mp3 */,
				6B9A54472CC9B63C005FCFF2 /* equilibrium.mp3 */,
				6B9A544D2CC9B63E005FCFF2 /* in-stillness.mp3 */,
				6B9A544B2CC9B63E005FCFF2 /* luminance.mp3 */,
			);
			path = Sounds;
			sourceTree = "<group>";
		};
		6B9A54402CC9B397005FCFF2 /* ViewModel */ = {
			isa = PBXGroup;
			children = (
				6B9A54412CC9B3A6005FCFF2 /* SoundsViewModel.swift */,
			);
			path = ViewModel;
			sourceTree = "<group>";
		};
		6B9A54572CCB2253005FCFF2 /* Practice */ = {
			isa = PBXGroup;
			children = (
				6BA6E7F82CCB35C300980CDD /* ViewModel */,
				6BA6E7F52CCB34E600980CDD /* Model */,
				6B9A54582CCB2260005FCFF2 /* View */,
			);
			path = Practice;
			sourceTree = "<group>";
		};
		6B9A54582CCB2260005FCFF2 /* View */ = {
			isa = PBXGroup;
			children = (
				6B9A54592CCB226C005FCFF2 /* PracticeViewController.swift */,
				6B9A545A2CCB226C005FCFF2 /* PracticeViewController.xib */,
			);
			path = View;
			sourceTree = "<group>";
		};
		6B9A545D2CCB2BC4005FCFF2 /* Feelings */ = {
			isa = PBXGroup;
			children = (
				6B9A545E2CCB2BCE005FCFF2 /* View */,
			);
			path = Feelings;
			sourceTree = "<group>";
		};
		6B9A545E2CCB2BCE005FCFF2 /* View */ = {
			isa = PBXGroup;
			children = (
				6B9A545F2CCB2BDC005FCFF2 /* FeelingsViewController.swift */,
				6B9A54602CCB2BDC005FCFF2 /* FeelingsViewController.xib */,
			);
			path = View;
			sourceTree = "<group>";
		};
		6BA6E7F52CCB34E600980CDD /* Model */ = {
			isa = PBXGroup;
			children = (
				6BA6E7F62CCB34F200980CDD /* PracticeModel.swift */,
			);
			path = Model;
			sourceTree = "<group>";
		};
		6BA6E7F82CCB35C300980CDD /* ViewModel */ = {
			isa = PBXGroup;
			children = (
				6BA6E7F92CCB35D300980CDD /* PracticeViewModel.swift */,
			);
			path = ViewModel;
			sourceTree = "<group>";
		};
		6BA6E7FB2CCB364000980CDD /* CoreData */ = {
			isa = PBXGroup;
			children = (
				6BA6E7FC2CCB364C00980CDD /* CoreDataManager.swift */,
			);
			path = CoreData;
			sourceTree = "<group>";
		};
		6BA6E7FE2CCB3B7700980CDD /* Statistics */ = {
			isa = PBXGroup;
			children = (
				6BA6E80D2CCB41D700980CDD /* ViewModel */,
				6BA6E8042CCB3BB400980CDD /* Cell */,
				6BA6E7FF2CCB3B7E00980CDD /* View */,
			);
			path = Statistics;
			sourceTree = "<group>";
		};
		6BA6E7FF2CCB3B7E00980CDD /* View */ = {
			isa = PBXGroup;
			children = (
				6BA6E8002CCB3B8B00980CDD /* StatisticsViewController.swift */,
				6BA6E8012CCB3B8B00980CDD /* StatisticsViewController.xib */,
			);
			path = View;
			sourceTree = "<group>";
		};
		6BA6E8042CCB3BB400980CDD /* Cell */ = {
			isa = PBXGroup;
			children = (
				6BA6E8052CCB3BC900980CDD /* PracticeTableViewCell.swift */,
				6BA6E8062CCB3BC900980CDD /* PracticeTableViewCell.xib */,
			);
			path = Cell;
			sourceTree = "<group>";
		};
		6BA6E80D2CCB41D700980CDD /* ViewModel */ = {
			isa = PBXGroup;
			children = (
				6BA6E80E2CCB41E700980CDD /* StatisticsViewModel.swift */,
			);
			path = ViewModel;
			sourceTree = "<group>";
		};
		6BC2CA1A2CDB945100D8EC6B /* WebView */ = {
			isa = PBXGroup;
			children = (
				6BC2CA1B2CDB947B00D8EC6B /* WebViewController.swift */,
			);
			path = WebView;
			sourceTree = "<group>";
		};
		C692A4EE5BAF6D21BDF8BC4C /* Frameworks */ = {
			isa = PBXGroup;
			children = (
				633F1379A2C5AC301376E2F5 /* Pods_Meditation.framework */,
			);
			name = Frameworks;
			sourceTree = "<group>";
		};
/* End PBXGroup section */

/* Begin PBXNativeTarget section */
		6B9A53F02CC95DFF005FCFF2 /* Meditation */ = {
			isa = PBXNativeTarget;
			buildConfigurationList = 6B9A54082CC95E01005FCFF2 /* Build configuration list for PBXNativeTarget "Meditation" */;
			buildPhases = (
				575FB96734B63A4D98B4D04B /* [CP] Check Pods Manifest.lock */,
				6B9A53ED2CC95DFF005FCFF2 /* Sources */,
				6B9A53EE2CC95DFF005FCFF2 /* Frameworks */,
				6B9A53EF2CC95DFF005FCFF2 /* Resources */,
				1458AF696E478B9407D5A0C1 /* [CP] Embed Pods Frameworks */,
			);
			buildRules = (
			);
			dependencies = (
			);
			name = Meditation;
			packageProductDependencies = (
			);
			productName = Meditation;
			productReference = 6B9A53F12CC95DFF005FCFF2 /* Meditation.app */;
			productType = "com.apple.product-type.application";
		};
/* End PBXNativeTarget section */

/* Begin PBXProject section */
		6B9A53E92CC95DFF005FCFF2 /* Project object */ = {
			isa = PBXProject;
			attributes = {
				BuildIndependentTargetsInParallel = 1;
				LastSwiftUpdateCheck = 1540;
				LastUpgradeCheck = 1540;
				TargetAttributes = {
					6B9A53F02CC95DFF005FCFF2 = {
						CreatedOnToolsVersion = 15.4;
					};
				};
			};
			buildConfigurationList = 6B9A53EC2CC95DFF005FCFF2 /* Build configuration list for PBXProject "Meditation" */;
			compatibilityVersion = "Xcode 14.0";
			developmentRegion = en;
			hasScannedForEncodings = 0;
			knownRegions = (
				en,
				Base,
			);
			mainGroup = 6B9A53E82CC95DFF005FCFF2;
			packageReferences = (
				6B9A542C2CC98AC4005FCFF2 /* XCRemoteSwiftPackageReference "DSWaveformImage" */,
			);
			productRefGroup = 6B9A53F22CC95DFF005FCFF2 /* Products */;
			projectDirPath = "";
			projectRoot = "";
			targets = (
				6B9A53F02CC95DFF005FCFF2 /* Meditation */,
			);
		};
/* End PBXProject section */

/* Begin PBXResourcesBuildPhase section */
		6B9A53EF2CC95DFF005FCFF2 /* Resources */ = {
			isa = PBXResourcesBuildPhase;
			buildActionMask = 2147483647;
			files = (
				6BA6E8082CCB3BC900980CDD /* PracticeTableViewCell.xib in Resources */,
				6B9A543D2CC98F18005FCFF2 /* Fireflies.mp3 in Resources */,
				6BC2CA1E2CDBB7E100D8EC6B /* GoogleService-Info.plist in Resources */,
				6B9A54012CC95E01005FCFF2 /* Assets.xcassets in Resources */,
				6BC2CA192CDB8C4D00D8EC6B /* codemagic.yaml in Resources */,
				6B9A54042CC95E01005FCFF2 /* Base in Resources */,
				6B9A54442CC9B416005FCFF2 /* gentle-awareness.mp3 in Resources */,
				6B9A541E2CC9811D005FCFF2 /* Inter-Regular.ttf in Resources */,
				6B9A54542CC9B63E005FCFF2 /* in-stillness.mp3 in Resources */,
				6B9A545C2CCB226C005FCFF2 /* PracticeViewController.xib in Resources */,
				6B9A54342CC98AFB005FCFF2 /* SoundTableViewCell.xib in Resources */,
				6B9A54502CC9B63E005FCFF2 /* boundless.mp3 in Resources */,
				6B9A54522CC9B63E005FCFF2 /* luminance.mp3 in Resources */,
				6B9A53FC2CC95DFF005FCFF2 /* Base in Resources */,
				6B9A54512CC9B63E005FCFF2 /* blurry-dreams.mp3 in Resources */,
				6B9A541F2CC9811D005FCFF2 /* Inter-LightItalic.ttf in Resources */,
				6B9A542A2CC98601005FCFF2 /* SoundsViewController.xib in Resources */,
				6B9A544E2CC9B63E005FCFF2 /* equilibrium.mp3 in Resources */,
				6BA6E8032CCB3B8B00980CDD /* StatisticsViewController.xib in Resources */,
				6B9A54532CC9B63E005FCFF2 /* ambient-jam.mp3 in Resources */,
				6B9A544F2CC9B63E005FCFF2 /* deep-immersion.mp3 in Resources */,
				6B9A54462CC9B614005FCFF2 /* shrine.mp3 in Resources */,
				6BA6E8132CCB54AE00980CDD /* Monda-Regular.ttf in Resources */,
				6B9A54252CC983EB005FCFF2 /* futuresporecyrillic.otf in Resources */,
				6B9A54622CCB2BDC005FCFF2 /* FeelingsViewController.xib in Resources */,
			);
			runOnlyForDeploymentPostprocessing = 0;
		};
/* End PBXResourcesBuildPhase section */

/* Begin PBXShellScriptBuildPhase section */
		1458AF696E478B9407D5A0C1 /* [CP] Embed Pods Frameworks */ = {
			isa = PBXShellScriptBuildPhase;
			buildActionMask = 2147483647;
			files = (
			);
			inputFileListPaths = (
				"${PODS_ROOT}/Target Support Files/Pods-Meditation/Pods-Meditation-frameworks-${CONFIGURATION}-input-files.xcfilelist",
			);
			name = "[CP] Embed Pods Frameworks";
			outputFileListPaths = (
				"${PODS_ROOT}/Target Support Files/Pods-Meditation/Pods-Meditation-frameworks-${CONFIGURATION}-output-files.xcfilelist",
			);
			runOnlyForDeploymentPostprocessing = 0;
			shellPath = /bin/sh;
			shellScript = "\"${PODS_ROOT}/Target Support Files/Pods-Meditation/Pods-Meditation-frameworks.sh\"\n";
			showEnvVarsInLog = 0;
		};
		575FB96734B63A4D98B4D04B /* [CP] Check Pods Manifest.lock */ = {
			isa = PBXShellScriptBuildPhase;
			buildActionMask = 2147483647;
			files = (
			);
			inputFileListPaths = (
			);
			inputPaths = (
				"${PODS_PODFILE_DIR_PATH}/Podfile.lock",
				"${PODS_ROOT}/Manifest.lock",
			);
			name = "[CP] Check Pods Manifest.lock";
			outputFileListPaths = (
			);
			outputPaths = (
				"$(DERIVED_FILE_DIR)/Pods-Meditation-checkManifestLockResult.txt",
			);
			runOnlyForDeploymentPostprocessing = 0;
			shellPath = /bin/sh;
			shellScript = "diff \"${PODS_PODFILE_DIR_PATH}/Podfile.lock\" \"${PODS_ROOT}/Manifest.lock\" > /dev/null\nif [ $? != 0 ] ; then\n    # print error to STDERR\n    echo \"error: The sandbox is not in sync with the Podfile.lock. Run 'pod install' or update your CocoaPods installation.\" >&2\n    exit 1\nfi\n# This output is used by Xcode 'outputs' to avoid re-running this script phase.\necho \"SUCCESS\" > \"${SCRIPT_OUTPUT_FILE_0}\"\n";
			showEnvVarsInLog = 0;
		};
/* End PBXShellScriptBuildPhase section */

/* Begin PBXSourcesBuildPhase section */
		6B9A53ED2CC95DFF005FCFF2 /* Sources */ = {
			isa = PBXSourcesBuildPhase;
			buildActionMask = 2147483647;
			files = (
				6B9A545B2CCB226C005FCFF2 /* PracticeViewController.swift in Sources */,
				6B9A542B2CC98601005FCFF2 /* SoundsViewController.swift in Sources */,
				6BA6E8112CCB444300980CDD /* String.swift in Sources */,
				6B9A54642CCB2CA2005FCFF2 /* BaseTextView.swift in Sources */,
				6B9A54182CC97AD3005FCFF2 /* GradientButton.swift in Sources */,
				6B9A54612CCB2BDC005FCFF2 /* FeelingsViewController.swift in Sources */,
				6BA6E8022CCB3B8B00980CDD /* StatisticsViewController.swift in Sources */,
				6BC2CA1C2CDB947B00D8EC6B /* WebViewController.swift in Sources */,
				6B9A53F92CC95DFF005FCFF2 /* MenuViewController.swift in Sources */,
				6BA6E7FD2CCB364C00980CDD /* CoreDataManager.swift in Sources */,
				6BA6E7FA2CCB35D300980CDD /* PracticeViewModel.swift in Sources */,
				6B9A54562CCB0704005FCFF2 /* RootViewController.swift in Sources */,
				6BC2CA202CDC903100D8EC6B /* NetworkMonitor.swift in Sources */,
				6B9A543F2CC98FE1005FCFF2 /* ViewController.swift in Sources */,
				6B9A53FF2CC95DFF005FCFF2 /* Meditation.xcdatamodeld in Sources */,
				6B9A54102CC95EEC005FCFF2 /* Font.swift in Sources */,
				6BA6E7F72CCB34F200980CDD /* PracticeModel.swift in Sources */,
				6B9A54352CC98AFB005FCFF2 /* SoundTableViewCell.swift in Sources */,
				6BA6E80F2CCB41E700980CDD /* StatisticsViewModel.swift in Sources */,
				6B9A54422CC9B3A6005FCFF2 /* SoundsViewModel.swift in Sources */,
				6BA6E80A2CCB3E1500980CDD /* Date.swift in Sources */,
				6BA6E8072CCB3BC900980CDD /* PracticeTableViewCell.swift in Sources */,
				6B9A53F52CC95DFF005FCFF2 /* AppDelegate.swift in Sources */,
				6B9A54162CC97A99005FCFF2 /* UIView.swift in Sources */,
				6B9A53F72CC95DFF005FCFF2 /* SceneDelegate.swift in Sources */,
			);
			runOnlyForDeploymentPostprocessing = 0;
		};
/* End PBXSourcesBuildPhase section */

/* Begin PBXVariantGroup section */
		6B9A53FA2CC95DFF005FCFF2 /* Menu.storyboard */ = {
			isa = PBXVariantGroup;
			children = (
				6B9A53FB2CC95DFF005FCFF2 /* Base */,
			);
			name = Menu.storyboard;
			sourceTree = "<group>";
		};
		6B9A54022CC95E01005FCFF2 /* LaunchScreen.storyboard */ = {
			isa = PBXVariantGroup;
			children = (
				6B9A54032CC95E01005FCFF2 /* Base */,
			);
			name = LaunchScreen.storyboard;
			sourceTree = "<group>";
		};
/* End PBXVariantGroup section */

/* Begin XCBuildConfiguration section */
		6B9A54062CC95E01005FCFF2 /* Debug */ = {
			isa = XCBuildConfiguration;
			buildSettings = {
				ALWAYS_SEARCH_USER_PATHS = NO;
				ASSETCATALOG_COMPILER_GENERATE_SWIFT_ASSET_SYMBOL_EXTENSIONS = YES;
				CLANG_ANALYZER_NONNULL = YES;
				CLANG_ANALYZER_NUMBER_OBJECT_CONVERSION = YES_AGGRESSIVE;
				CLANG_CXX_LANGUAGE_STANDARD = "gnu++20";
				CLANG_ENABLE_MODULES = YES;
				CLANG_ENABLE_OBJC_ARC = YES;
				CLANG_ENABLE_OBJC_WEAK = YES;
				CLANG_WARN_BLOCK_CAPTURE_AUTORELEASING = YES;
				CLANG_WARN_BOOL_CONVERSION = YES;
				CLANG_WARN_COMMA = YES;
				CLANG_WARN_CONSTANT_CONVERSION = YES;
				CLANG_WARN_DEPRECATED_OBJC_IMPLEMENTATIONS = YES;
				CLANG_WARN_DIRECT_OBJC_ISA_USAGE = YES_ERROR;
				CLANG_WARN_DOCUMENTATION_COMMENTS = YES;
				CLANG_WARN_EMPTY_BODY = YES;
				CLANG_WARN_ENUM_CONVERSION = YES;
				CLANG_WARN_INFINITE_RECURSION = YES;
				CLANG_WARN_INT_CONVERSION = YES;
				CLANG_WARN_NON_LITERAL_NULL_CONVERSION = YES;
				CLANG_WARN_OBJC_IMPLICIT_RETAIN_SELF = YES;
				CLANG_WARN_OBJC_LITERAL_CONVERSION = YES;
				CLANG_WARN_OBJC_ROOT_CLASS = YES_ERROR;
				CLANG_WARN_QUOTED_INCLUDE_IN_FRAMEWORK_HEADER = YES;
				CLANG_WARN_RANGE_LOOP_ANALYSIS = YES;
				CLANG_WARN_STRICT_PROTOTYPES = YES;
				CLANG_WARN_SUSPICIOUS_MOVE = YES;
				CLANG_WARN_UNGUARDED_AVAILABILITY = YES_AGGRESSIVE;
				CLANG_WARN_UNREACHABLE_CODE = YES;
				CLANG_WARN__DUPLICATE_METHOD_MATCH = YES;
				COPY_PHASE_STRIP = NO;
				DEBUG_INFORMATION_FORMAT = dwarf;
				ENABLE_STRICT_OBJC_MSGSEND = YES;
				ENABLE_TESTABILITY = YES;
				ENABLE_USER_SCRIPT_SANDBOXING = NO;
				GCC_C_LANGUAGE_STANDARD = gnu17;
				GCC_DYNAMIC_NO_PIC = NO;
				GCC_NO_COMMON_BLOCKS = YES;
				GCC_OPTIMIZATION_LEVEL = 0;
				GCC_PREPROCESSOR_DEFINITIONS = (
					"DEBUG=1",
					"$(inherited)",
				);
				GCC_WARN_64_TO_32_BIT_CONVERSION = YES;
				GCC_WARN_ABOUT_RETURN_TYPE = YES_ERROR;
				GCC_WARN_UNDECLARED_SELECTOR = YES;
				GCC_WARN_UNINITIALIZED_AUTOS = YES_AGGRESSIVE;
				GCC_WARN_UNUSED_FUNCTION = YES;
				GCC_WARN_UNUSED_VARIABLE = YES;
				IPHONEOS_DEPLOYMENT_TARGET = 15.0;
				LOCALIZATION_PREFERS_STRING_CATALOGS = YES;
				MTL_ENABLE_DEBUG_INFO = INCLUDE_SOURCE;
				MTL_FAST_MATH = YES;
				ONLY_ACTIVE_ARCH = YES;
				SDKROOT = iphoneos;
				SWIFT_ACTIVE_COMPILATION_CONDITIONS = "DEBUG $(inherited)";
				SWIFT_OPTIMIZATION_LEVEL = "-Onone";
			};
			name = Debug;
		};
		6B9A54072CC95E01005FCFF2 /* Release */ = {
			isa = XCBuildConfiguration;
			buildSettings = {
				ALWAYS_SEARCH_USER_PATHS = NO;
				ASSETCATALOG_COMPILER_GENERATE_SWIFT_ASSET_SYMBOL_EXTENSIONS = YES;
				CLANG_ANALYZER_NONNULL = YES;
				CLANG_ANALYZER_NUMBER_OBJECT_CONVERSION = YES_AGGRESSIVE;
				CLANG_CXX_LANGUAGE_STANDARD = "gnu++20";
				CLANG_ENABLE_MODULES = YES;
				CLANG_ENABLE_OBJC_ARC = YES;
				CLANG_ENABLE_OBJC_WEAK = YES;
				CLANG_WARN_BLOCK_CAPTURE_AUTORELEASING = YES;
				CLANG_WARN_BOOL_CONVERSION = YES;
				CLANG_WARN_COMMA = YES;
				CLANG_WARN_CONSTANT_CONVERSION = YES;
				CLANG_WARN_DEPRECATED_OBJC_IMPLEMENTATIONS = YES;
				CLANG_WARN_DIRECT_OBJC_ISA_USAGE = YES_ERROR;
				CLANG_WARN_DOCUMENTATION_COMMENTS = YES;
				CLANG_WARN_EMPTY_BODY = YES;
				CLANG_WARN_ENUM_CONVERSION = YES;
				CLANG_WARN_INFINITE_RECURSION = YES;
				CLANG_WARN_INT_CONVERSION = YES;
				CLANG_WARN_NON_LITERAL_NULL_CONVERSION = YES;
				CLANG_WARN_OBJC_IMPLICIT_RETAIN_SELF = YES;
				CLANG_WARN_OBJC_LITERAL_CONVERSION = YES;
				CLANG_WARN_OBJC_ROOT_CLASS = YES_ERROR;
				CLANG_WARN_QUOTED_INCLUDE_IN_FRAMEWORK_HEADER = YES;
				CLANG_WARN_RANGE_LOOP_ANALYSIS = YES;
				CLANG_WARN_STRICT_PROTOTYPES = YES;
				CLANG_WARN_SUSPICIOUS_MOVE = YES;
				CLANG_WARN_UNGUARDED_AVAILABILITY = YES_AGGRESSIVE;
				CLANG_WARN_UNREACHABLE_CODE = YES;
				CLANG_WARN__DUPLICATE_METHOD_MATCH = YES;
				COPY_PHASE_STRIP = NO;
				DEBUG_INFORMATION_FORMAT = "dwarf-with-dsym";
				ENABLE_NS_ASSERTIONS = NO;
				ENABLE_STRICT_OBJC_MSGSEND = YES;
				ENABLE_USER_SCRIPT_SANDBOXING = NO;
				GCC_C_LANGUAGE_STANDARD = gnu17;
				GCC_NO_COMMON_BLOCKS = YES;
				GCC_WARN_64_TO_32_BIT_CONVERSION = YES;
				GCC_WARN_ABOUT_RETURN_TYPE = YES_ERROR;
				GCC_WARN_UNDECLARED_SELECTOR = YES;
				GCC_WARN_UNINITIALIZED_AUTOS = YES_AGGRESSIVE;
				GCC_WARN_UNUSED_FUNCTION = YES;
				GCC_WARN_UNUSED_VARIABLE = YES;
				IPHONEOS_DEPLOYMENT_TARGET = 15.0;
				LOCALIZATION_PREFERS_STRING_CATALOGS = YES;
				MTL_ENABLE_DEBUG_INFO = NO;
				MTL_FAST_MATH = YES;
				SDKROOT = iphoneos;
				SWIFT_COMPILATION_MODE = wholemodule;
				VALIDATE_PRODUCT = YES;
			};
			name = Release;
		};
		6B9A54092CC95E01005FCFF2 /* Debug */ = {
			isa = XCBuildConfiguration;
			baseConfigurationReference = 3A35DEDD6C9DB13269B1519F /* Pods-Meditation.debug.xcconfig */;
			buildSettings = {
				ASSETCATALOG_COMPILER_APPICON_NAME = AppIcon;
				ASSETCATALOG_COMPILER_GLOBAL_ACCENT_COLOR_NAME = AccentColor;
				CODE_SIGN_STYLE = Automatic;
				CURRENT_PROJECT_VERSION = 1;
				DEVELOPMENT_TEAM = 9YUSQBCAX9;
				GENERATE_INFOPLIST_FILE = YES;
				INFOPLIST_FILE = Meditation/Info.plist;
				INFOPLIST_KEY_UIApplicationSupportsIndirectInputEvents = YES;
				INFOPLIST_KEY_UILaunchStoryboardName = LaunchScreen;
				INFOPLIST_KEY_UIMainStoryboardFile = Menu;
				INFOPLIST_KEY_UISupportedInterfaceOrientations_iPad = "UIInterfaceOrientationPortrait UIInterfaceOrientationPortraitUpsideDown UIInterfaceOrientationLandscapeLeft UIInterfaceOrientationLandscapeRight";
				INFOPLIST_KEY_UISupportedInterfaceOrientations_iPhone = "UIInterfaceOrientationPortrait UIInterfaceOrientationLandscapeLeft UIInterfaceOrientationLandscapeRight";
				INFOPLIST_KEY_UIUserInterfaceStyle = Light;
				LD_RUNPATH_SEARCH_PATHS = (
					"$(inherited)",
					"@executable_path/Frameworks",
				);
				MARKETING_VERSION = 1.0;
				PRODUCT_BUNDLE_IDENTIFIER = com.nailssensei.WV57Application;
				PRODUCT_NAME = "$(TARGET_NAME)";
				SWIFT_EMIT_LOC_STRINGS = YES;
				SWIFT_OBJC_BRIDGING_HEADER = "";
				SWIFT_VERSION = 5.0;
				TARGETED_DEVICE_FAMILY = "1,2";
			};
			name = Debug;
		};
		6B9A540A2CC95E01005FCFF2 /* Release */ = {
			isa = XCBuildConfiguration;
			baseConfigurationReference = FC4F290FD08824284A88DDA4 /* Pods-Meditation.release.xcconfig */;
			buildSettings = {
				ASSETCATALOG_COMPILER_APPICON_NAME = AppIcon;
				ASSETCATALOG_COMPILER_GLOBAL_ACCENT_COLOR_NAME = AccentColor;
				CODE_SIGN_STYLE = Automatic;
				CURRENT_PROJECT_VERSION = 1;
				DEVELOPMENT_TEAM = 9YUSQBCAX9;
				GENERATE_INFOPLIST_FILE = YES;
				INFOPLIST_FILE = Meditation/Info.plist;
				INFOPLIST_KEY_UIApplicationSupportsIndirectInputEvents = YES;
				INFOPLIST_KEY_UILaunchStoryboardName = LaunchScreen;
				INFOPLIST_KEY_UIMainStoryboardFile = Menu;
				INFOPLIST_KEY_UISupportedInterfaceOrientations_iPad = "UIInterfaceOrientationPortrait UIInterfaceOrientationPortraitUpsideDown UIInterfaceOrientationLandscapeLeft UIInterfaceOrientationLandscapeRight";
				INFOPLIST_KEY_UISupportedInterfaceOrientations_iPhone = "UIInterfaceOrientationPortrait UIInterfaceOrientationLandscapeLeft UIInterfaceOrientationLandscapeRight";
				INFOPLIST_KEY_UIUserInterfaceStyle = Light;
				LD_RUNPATH_SEARCH_PATHS = (
					"$(inherited)",
					"@executable_path/Frameworks",
				);
				MARKETING_VERSION = 1.0;
				PRODUCT_BUNDLE_IDENTIFIER = com.nailssensei.WV57Application;
				PRODUCT_NAME = "$(TARGET_NAME)";
				SWIFT_EMIT_LOC_STRINGS = YES;
				SWIFT_OBJC_BRIDGING_HEADER = "";
				SWIFT_VERSION = 5.0;
				TARGETED_DEVICE_FAMILY = "1,2";
			};
			name = Release;
		};
/* End XCBuildConfiguration section */

/* Begin XCConfigurationList section */
		6B9A53EC2CC95DFF005FCFF2 /* Build configuration list for PBXProject "Meditation" */ = {
			isa = XCConfigurationList;
			buildConfigurations = (
				6B9A54062CC95E01005FCFF2 /* Debug */,
				6B9A54072CC95E01005FCFF2 /* Release */,
			);
			defaultConfigurationIsVisible = 0;
			defaultConfigurationName = Release;
		};
		6B9A54082CC95E01005FCFF2 /* Build configuration list for PBXNativeTarget "Meditation" */ = {
			isa = XCConfigurationList;
			buildConfigurations = (
				6B9A54092CC95E01005FCFF2 /* Debug */,
				6B9A540A2CC95E01005FCFF2 /* Release */,
			);
			defaultConfigurationIsVisible = 0;
			defaultConfigurationName = Release;
		};
/* End XCConfigurationList section */

/* Begin XCRemoteSwiftPackageReference section */
		6B9A542C2CC98AC4005FCFF2 /* XCRemoteSwiftPackageReference "DSWaveformImage" */ = {
			isa = XCRemoteSwiftPackageReference;
			repositoryURL = "https://github.com/dmrschmidt/DSWaveformImage";
			requirement = {
				kind = upToNextMajorVersion;
				minimumVersion = 14.2.2;
			};
		};
/* End XCRemoteSwiftPackageReference section */

/* Begin XCVersionGroup section */
		6B9A53FD2CC95DFF005FCFF2 /* Meditation.xcdatamodeld */ = {
			isa = XCVersionGroup;
			children = (
				6B9A53FE2CC95DFF005FCFF2 /* Meditation.xcdatamodel */,
			);
			currentVersion = 6B9A53FE2CC95DFF005FCFF2 /* Meditation.xcdatamodel */;
			path = Meditation.xcdatamodeld;
			sourceTree = "<group>";
			versionGroupType = wrapper.xcdatamodel;
		};
/* End XCVersionGroup section */
	};
	rootObject = 6B9A53E92CC95DFF005FCFF2 /* Project object */;
}
