{
  "originHash" : "eb3e6467aa3b79663b371a20cbe7f1b7c7a6a3c9f98e6945bc9704361b5ae42d",
  "pins" : [
    {
      "identity" : "dswaveformimage",
      "kind" : "remoteSourceControl",
      "location" : "https://github.com/dmrschmidt/DSWaveformImage",
      "state" : {
        "revision" : "4c56578ee10128ee2b2c04c9c5aa73812de722db",
        "version" : "14.2.2"
      }
    }
  ],
  "version" : 3
}
